PODS:
  - Eddystone (1.1.0)
  - SignalStrength (1.0.0)

DEPENDENCIES:
  - Eddystone (from `../`)
  - SignalStrength

EXTERNAL SOURCES:
  Eddystone:
    :path: "../"

SPEC CHECKSUMS:
  Eddystone: a99ced793fb3706331f621dcea06b109751d5b3c
  SignalStrength: 47939d3171fa13673e5209dc94c8c9ff978573f5

COCOAPODS: 0.38.2
